
Microsoft Visual Studio Solution File, Format Version 12.00
# Visual Studio 15
VisualStudioVersion = 15.0.26124.0
MinimumVisualStudioVersion = 15.0.26124.0
Project("{F2A71F9B-5D33-465A-A702-920D77279786}") = "cli", "cli\cli.fsproj", "{51351247-648D-49A6-BEC8-D4DAAD1D1037}"
EndProject
Project("{F2A71F9B-5D33-465A-A702-920D77279786}") = "lib", "lib\lib.fsproj", "{374659FA-A1C3-47AC-8BBD-D3DA3A26861F}"
EndProject
Project("{F2A71F9B-5D33-465A-A702-920D77279786}") = "tests", "tests\tests.fsproj", "{FDFFE2B6-0B4B-4DDF-B241-1A74763147EE}"
EndProject
Global
	GlobalSection(SolutionConfigurationPlatforms) = preSolution
		Debug|Any CPU = Debug|Any CPU
		Debug|x64 = Debug|x64
		Debug|x86 = Debug|x86
		Release|Any CPU = Release|Any CPU
		Release|x64 = Release|x64
		Release|x86 = Release|x86
	EndGlobalSection
	GlobalSection(SolutionProperties) = preSolution
		HideSolutionNode = FALSE
	EndGlobalSection
	GlobalSection(ProjectConfigurationPlatforms) = postSolution
		{51351247-648D-49A6-BEC8-D4DAAD1D1037}.Debug|Any CPU.ActiveCfg = Debug|Any CPU
		{51351247-648D-49A6-BEC8-D4DAAD1D1037}.Debug|Any CPU.Build.0 = Debug|Any CPU
		{51351247-648D-49A6-BEC8-D4DAAD1D1037}.Debug|x64.ActiveCfg = Debug|Any CPU
		{51351247-648D-49A6-BEC8-D4DAAD1D1037}.Debug|x64.Build.0 = Debug|Any CPU
		{51351247-648D-49A6-BEC8-D4DAAD1D1037}.Debug|x86.ActiveCfg = Debug|Any CPU
		{51351247-648D-49A6-BEC8-D4DAAD1D1037}.Debug|x86.Build.0 = Debug|Any CPU
		{51351247-648D-49A6-BEC8-D4DAAD1D1037}.Release|Any CPU.ActiveCfg = Release|Any CPU
		{51351247-648D-49A6-BEC8-D4DAAD1D1037}.Release|Any CPU.Build.0 = Release|Any CPU
		{51351247-648D-49A6-BEC8-D4DAAD1D1037}.Release|x64.ActiveCfg = Release|Any CPU
		{51351247-648D-49A6-BEC8-D4DAAD1D1037}.Release|x64.Build.0 = Release|Any CPU
		{51351247-648D-49A6-BEC8-D4DAAD1D1037}.Release|x86.ActiveCfg = Release|Any CPU
		{51351247-648D-49A6-BEC8-D4DAAD1D1037}.Release|x86.Build.0 = Release|Any CPU
		{374659FA-A1C3-47AC-8BBD-D3DA3A26861F}.Debug|Any CPU.ActiveCfg = Debug|Any CPU
		{374659FA-A1C3-47AC-8BBD-D3DA3A26861F}.Debug|Any CPU.Build.0 = Debug|Any CPU
		{374659FA-A1C3-47AC-8BBD-D3DA3A26861F}.Debug|x64.ActiveCfg = Debug|Any CPU
		{374659FA-A1C3-47AC-8BBD-D3DA3A26861F}.Debug|x64.Build.0 = Debug|Any CPU
		{374659FA-A1C3-47AC-8BBD-D3DA3A26861F}.Debug|x86.ActiveCfg = Debug|Any CPU
		{374659FA-A1C3-47AC-8BBD-D3DA3A26861F}.Debug|x86.Build.0 = Debug|Any CPU
		{374659FA-A1C3-47AC-8BBD-D3DA3A26861F}.Release|Any CPU.ActiveCfg = Release|Any CPU
		{374659FA-A1C3-47AC-8BBD-D3DA3A26861F}.Release|Any CPU.Build.0 = Release|Any CPU
		{374659FA-A1C3-47AC-8BBD-D3DA3A26861F}.Release|x64.ActiveCfg = Release|Any CPU
		{374659FA-A1C3-47AC-8BBD-D3DA3A26861F}.Release|x64.Build.0 = Release|Any CPU
		{374659FA-A1C3-47AC-8BBD-D3DA3A26861F}.Release|x86.ActiveCfg = Release|Any CPU
		{374659FA-A1C3-47AC-8BBD-D3DA3A26861F}.Release|x86.Build.0 = Release|Any CPU
		{FDFFE2B6-0B4B-4DDF-B241-1A74763147EE}.Debug|Any CPU.ActiveCfg = Debug|Any CPU
		{FDFFE2B6-0B4B-4DDF-B241-1A74763147EE}.Debug|Any CPU.Build.0 = Debug|Any CPU
		{FDFFE2B6-0B4B-4DDF-B241-1A74763147EE}.Debug|x64.ActiveCfg = Debug|Any CPU
		{FDFFE2B6-0B4B-4DDF-B241-1A74763147EE}.Debug|x64.Build.0 = Debug|Any CPU
		{FDFFE2B6-0B4B-4DDF-B241-1A74763147EE}.Debug|x86.ActiveCfg = Debug|Any CPU
		{FDFFE2B6-0B4B-4DDF-B241-1A74763147EE}.Debug|x86.Build.0 = Debug|Any CPU
		{FDFFE2B6-0B4B-4DDF-B241-1A74763147EE}.Release|Any CPU.ActiveCfg = Release|Any CPU
		{FDFFE2B6-0B4B-4DDF-B241-1A74763147EE}.Release|Any CPU.Build.0 = Release|Any CPU
		{FDFFE2B6-0B4B-4DDF-B241-1A74763147EE}.Release|x64.ActiveCfg = Release|Any CPU
		{FDFFE2B6-0B4B-4DDF-B241-1A74763147EE}.Release|x64.Build.0 = Release|Any CPU
		{FDFFE2B6-0B4B-4DDF-B241-1A74763147EE}.Release|x86.ActiveCfg = Release|Any CPU
		{FDFFE2B6-0B4B-4DDF-B241-1A74763147EE}.Release|x86.Build.0 = Release|Any CPU
	EndGlobalSection
EndGlobal
